// !$*UTF8*$!
{
	archiveVersion = 1;
	classes = {
	};
	objectVersion = 55;
	objects = {

/* Begin PBXBuildFile section */
		3E0CAD1027ED1D00000AF833 /* MapTableViewCell.swift in Sources */ = {isa = PBXBuildFile; fileRef = 3E0CAD0E27ED1D00000AF833 /* MapTableViewCell.swift */; };
		3E0CAD1127ED1D00000AF833 /* MapTableViewCell.xib in Resources */ = {isa = PBXBuildFile; fileRef = 3E0CAD0F27ED1D00000AF833 /* MapTableViewCell.xib */; };
		3E0CAD1427ED1E3A000AF833 /* Valorant Font.ttf in Resources */ = {isa = PBXBuildFile; fileRef = 3E0CAD1327ED1E20000AF833 /* Valorant Font.ttf */; };
		3E0CAD1627ED1FD3000AF833 /* GradientView.swift in Sources */ = {isa = PBXBuildFile; fileRef = 3E0CAD1527ED1FD3000AF833 /* GradientView.swift */; };
		C202392F2A4CC57A00FC72A0 /* AgentTableViewCell.xib in Resources */ = {isa = PBXBuildFile; fileRef = C202392E2A4CC57A00FC72A0 /* AgentTableViewCell.xib */; };
		C20239332A4CC5C300FC72A0 /* AgentsTableViewCell.swift in Sources */ = {isa = PBXBuildFile; fileRef = C20239322A4CC5C300FC72A0 /* AgentsTableViewCell.swift */; };
		C20239362A4CCC9400FC72A0 /* AgentDetails.storyboard in Resources */ = {isa = PBXBuildFile; fileRef = C20239352A4CCC9400FC72A0 /* AgentDetails.storyboard */; };
		C2079F5829197E2A006BA81D /* LineupList.storyboard in Resources */ = {isa = PBXBuildFile; fileRef = C2079F5729197E2A006BA81D /* LineupList.storyboard */; };
		C2079F5A29197E95006BA81D /* AgentList.storyboard in Resources */ = {isa = PBXBuildFile; fileRef = C2079F5929197E95006BA81D /* AgentList.storyboard */; };
		C2079F5C29197EBA006BA81D /* MapsList.storyboard in Resources */ = {isa = PBXBuildFile; fileRef = C2079F5B29197EBA006BA81D /* MapsList.storyboard */; };
		C2079F5E29197ED0006BA81D /* LineupDetail.storyboard in Resources */ = {isa = PBXBuildFile; fileRef = C2079F5D29197ED0006BA81D /* LineupDetail.storyboard */; };
		C2079F6029197F47006BA81D /* Contents.storyboard in Resources */ = {isa = PBXBuildFile; fileRef = C2079F5F29197F47006BA81D /* Contents.storyboard */; };
		C2079F6229197F91006BA81D /* AgentContent.storyboard in Resources */ = {isa = PBXBuildFile; fileRef = C2079F6129197F91006BA81D /* AgentContent.storyboard */; };
		C2079F6429197FA5006BA81D /* WeaponContent.storyboard in Resources */ = {isa = PBXBuildFile; fileRef = C2079F6329197FA5006BA81D /* WeaponContent.storyboard */; };
		C2079F6629197FBA006BA81D /* GameModeContents.storyboard in Resources */ = {isa = PBXBuildFile; fileRef = C2079F6529197FBA006BA81D /* GameModeContents.storyboard */; };
		C2079F6829197FCD006BA81D /* MapContent.storyboard in Resources */ = {isa = PBXBuildFile; fileRef = C2079F6729197FCD006BA81D /* MapContent.storyboard */; };
		C2079F6A29197FEA006BA81D /* Acknowledgments.storyboard in Resources */ = {isa = PBXBuildFile; fileRef = C2079F6929197FEA006BA81D /* Acknowledgments.storyboard */; };
		C2079F6C29197FF7006BA81D /* About.storyboard in Resources */ = {isa = PBXBuildFile; fileRef = C2079F6B29197FF7006BA81D /* About.storyboard */; };
		C21ED834281B343700BCEC26 /* AcknowledgmentsViewController.swift in Sources */ = {isa = PBXBuildFile; fileRef = C21ED833281B343700BCEC26 /* AcknowledgmentsViewController.swift */; };
		C21ED836281B359E00BCEC26 /* AboutViewController.swift in Sources */ = {isa = PBXBuildFile; fileRef = C21ED835281B359E00BCEC26 /* AboutViewController.swift */; };
		C23542E7282229C400FE6E59 /* 1024.png in Resources */ = {isa = PBXBuildFile; fileRef = C23542E6282229C400FE6E59 /* 1024.png */; };
		C23543062822336200FE6E59 /* IQTextView.swift in Sources */ = {isa = PBXBuildFile; fileRef = C23542EB2822336200FE6E59 /* IQTextView.swift */; };
		C23543072822336200FE6E59 /* IQKeyboardManager+Internal.swift in Sources */ = {isa = PBXBuildFile; fileRef = C23542EC2822336200FE6E59 /* IQKeyboardManager+Internal.swift */; };
		C23543082822336200FE6E59 /* IQPreviousNextView.swift in Sources */ = {isa = PBXBuildFile; fileRef = C23542EE2822336200FE6E59 /* IQPreviousNextView.swift */; };
		C23543092822336200FE6E59 /* IQTitleBarButtonItem.swift in Sources */ = {isa = PBXBuildFile; fileRef = C23542EF2822336200FE6E59 /* IQTitleBarButtonItem.swift */; };
		C235430A2822336200FE6E59 /* IQBarButtonItem.swift in Sources */ = {isa = PBXBuildFile; fileRef = C23542F02822336200FE6E59 /* IQBarButtonItem.swift */; };
		C235430B2822336200FE6E59 /* IQToolbar.swift in Sources */ = {isa = PBXBuildFile; fileRef = C23542F12822336200FE6E59 /* IQToolbar.swift */; };
		C235430C2822336200FE6E59 /* IQUIView+IQKeyboardToolbar.swift in Sources */ = {isa = PBXBuildFile; fileRef = C23542F22822336200FE6E59 /* IQUIView+IQKeyboardToolbar.swift */; };
		C235430D2822336200FE6E59 /* IQInvocation.swift in Sources */ = {isa = PBXBuildFile; fileRef = C23542F32822336200FE6E59 /* IQInvocation.swift */; };
		C235430E2822336200FE6E59 /* IQKeyboardManager+UIKeyboardNotification.swift in Sources */ = {isa = PBXBuildFile; fileRef = C23542F42822336200FE6E59 /* IQKeyboardManager+UIKeyboardNotification.swift */; };
		C235430F2822336200FE6E59 /* IQKeyboardManagerConstantsInternal.swift in Sources */ = {isa = PBXBuildFile; fileRef = C23542F62822336200FE6E59 /* IQKeyboardManagerConstantsInternal.swift */; };
		C23543102822336200FE6E59 /* IQKeyboardManagerConstants.swift in Sources */ = {isa = PBXBuildFile; fileRef = C23542F72822336200FE6E59 /* IQKeyboardManagerConstants.swift */; };
		C23543112822336200FE6E59 /* IQKeyboardManager+Position.swift in Sources */ = {isa = PBXBuildFile; fileRef = C23542F82822336200FE6E59 /* IQKeyboardManager+Position.swift */; };
		C23543122822336200FE6E59 /* IQKeyboardReturnKeyHandler.swift in Sources */ = {isa = PBXBuildFile; fileRef = C23542F92822336200FE6E59 /* IQKeyboardReturnKeyHandler.swift */; };
		C23543132822336200FE6E59 /* IQKeyboardManager.swift in Sources */ = {isa = PBXBuildFile; fileRef = C23542FA2822336200FE6E59 /* IQKeyboardManager.swift */; };
		C23543142822336200FE6E59 /* IQKeyboardManager+Debug.swift in Sources */ = {isa = PBXBuildFile; fileRef = C23542FB2822336200FE6E59 /* IQKeyboardManager+Debug.swift */; };
		C23543152822336200FE6E59 /* IQKeyboardManager+OrientationNotification.swift in Sources */ = {isa = PBXBuildFile; fileRef = C23542FC2822336200FE6E59 /* IQKeyboardManager+OrientationNotification.swift */; };
		C23543162822336200FE6E59 /* IQKeyboardManager+Toolbar.swift in Sources */ = {isa = PBXBuildFile; fileRef = C23542FD2822336200FE6E59 /* IQKeyboardManager+Toolbar.swift */; };
		C23543172822336200FE6E59 /* IQUIScrollView+Additions.swift in Sources */ = {isa = PBXBuildFile; fileRef = C23543002822336200FE6E59 /* IQUIScrollView+Additions.swift */; };
		C23543182822336200FE6E59 /* IQUIViewController+Additions.swift in Sources */ = {isa = PBXBuildFile; fileRef = C23543012822336200FE6E59 /* IQUIViewController+Additions.swift */; };
		C23543192822336200FE6E59 /* IQUITextFieldView+Additions.swift in Sources */ = {isa = PBXBuildFile; fileRef = C23543022822336200FE6E59 /* IQUITextFieldView+Additions.swift */; };
		C235431A2822336200FE6E59 /* IQUIView+Hierarchy.swift in Sources */ = {isa = PBXBuildFile; fileRef = C23543032822336200FE6E59 /* IQUIView+Hierarchy.swift */; };
		C235431B2822336200FE6E59 /* IQNSArray+Sort.swift in Sources */ = {isa = PBXBuildFile; fileRef = C23543042822336200FE6E59 /* IQNSArray+Sort.swift */; };
		C235431C2822336200FE6E59 /* IQKeyboardManager+UITextFieldViewNotification.swift in Sources */ = {isa = PBXBuildFile; fileRef = C23543052822336200FE6E59 /* IQKeyboardManager+UITextFieldViewNotification.swift */; };
		C24FD71327EEA1150032EB0D /* OneTrick.xcdatamodeld in Sources */ = {isa = PBXBuildFile; fileRef = C24FD71127EEA1150032EB0D /* OneTrick.xcdatamodeld */; };
		C24FD73A27EEA7C70032EB0D /* LineupListTableViewController.swift in Sources */ = {isa = PBXBuildFile; fileRef = C24FD73927EEA7C70032EB0D /* LineupListTableViewController.swift */; };
		C24FD74427EF804C0032EB0D /* LineupListTableViewCell.swift in Sources */ = {isa = PBXBuildFile; fileRef = C24FD74327EF804C0032EB0D /* LineupListTableViewCell.swift */; };
		C24FD75027F0D1A90032EB0D /* LineupListViewModel.swift in Sources */ = {isa = PBXBuildFile; fileRef = C24FD74F27F0D1A90032EB0D /* LineupListViewModel.swift */; };
		C24FD75227F13DBB0032EB0D /* CoreDataStack.swift in Sources */ = {isa = PBXBuildFile; fileRef = C24FD75127F13DBB0032EB0D /* CoreDataStack.swift */; };
		C24FD75427F13F5D0032EB0D /* Lineup+Convienence.swift in Sources */ = {isa = PBXBuildFile; fileRef = C24FD75327F13F5D0032EB0D /* Lineup+Convienence.swift */; };
		C24FD75727F146820032EB0D /* Lineup+CoreDataClass.swift in Sources */ = {isa = PBXBuildFile; fileRef = C24FD75527F146820032EB0D /* Lineup+CoreDataClass.swift */; };
		C24FD75827F146820032EB0D /* Lineup+CoreDataProperties.swift in Sources */ = {isa = PBXBuildFile; fileRef = C24FD75627F146820032EB0D /* Lineup+CoreDataProperties.swift */; };
		C25356D82923FACF00D68A79 /* LineupCollectionViewCell.swift in Sources */ = {isa = PBXBuildFile; fileRef = C25356D72923FACF00D68A79 /* LineupCollectionViewCell.swift */; };
		C29AE66E27E1047E005CAD4E /* ContentViewController.swift in Sources */ = {isa = PBXBuildFile; fileRef = C29AE66D27E1047E005CAD4E /* ContentViewController.swift */; };
		C29AE67727E11BAC005CAD4E /* MapsViewController.swift in Sources */ = {isa = PBXBuildFile; fileRef = C29AE67627E11BAC005CAD4E /* MapsViewController.swift */; };
		C29AE67D27E11E40005CAD4E /* WeaponsViewController.swift in Sources */ = {isa = PBXBuildFile; fileRef = C29AE67C27E11E40005CAD4E /* WeaponsViewController.swift */; };
		C29AE67F27E11E5A005CAD4E /* WeaponsTableViewCell.swift in Sources */ = {isa = PBXBuildFile; fileRef = C29AE67E27E11E5A005CAD4E /* WeaponsTableViewCell.swift */; };
		C29AE68427E24586005CAD4E /* MapsViewModel.swift in Sources */ = {isa = PBXBuildFile; fileRef = C29AE68327E24586005CAD4E /* MapsViewModel.swift */; };
		C29AE68727E245BF005CAD4E /* Network Error.swift in Sources */ = {isa = PBXBuildFile; fileRef = C29AE68627E245BF005CAD4E /* Network Error.swift */; };
		C29AE68927E245F3005CAD4E /* APIDataProvidable.swift in Sources */ = {isa = PBXBuildFile; fileRef = C29AE68827E245F3005CAD4E /* APIDataProvidable.swift */; };
		C29AE68B27E24835005CAD4E /* ContentEndpoint.swift in Sources */ = {isa = PBXBuildFile; fileRef = C29AE68A27E24835005CAD4E /* ContentEndpoint.swift */; };
		C29AE69127E3A050005CAD4E /* MapsDataProvider.swift in Sources */ = {isa = PBXBuildFile; fileRef = C29AE69027E3A050005CAD4E /* MapsDataProvider.swift */; };
		C29AE69327E3BB32005CAD4E /* MapImageView.swift in Sources */ = {isa = PBXBuildFile; fileRef = C29AE69227E3BB32005CAD4E /* MapImageView.swift */; };
		C29AE69527E3D1DC005CAD4E /* WeaponsViewModel.swift in Sources */ = {isa = PBXBuildFile; fileRef = C29AE69427E3D1DC005CAD4E /* WeaponsViewModel.swift */; };
		C29AE69727E3D2F7005CAD4E /* WeaponDataProvider.swift in Sources */ = {isa = PBXBuildFile; fileRef = C29AE69627E3D2F7005CAD4E /* WeaponDataProvider.swift */; };
		C29AE69A27E98717005CAD4E /* AgentsViewController.swift in Sources */ = {isa = PBXBuildFile; fileRef = C29AE69927E98717005CAD4E /* AgentsViewController.swift */; };
		C29AE6A427EA003B005CAD4E /* GameModeViewController.swift in Sources */ = {isa = PBXBuildFile; fileRef = C29AE6A327EA003B005CAD4E /* GameModeViewController.swift */; };
		C29AE6A627EA005F005CAD4E /* GameModeTableViewCell.swift in Sources */ = {isa = PBXBuildFile; fileRef = C29AE6A527EA005F005CAD4E /* GameModeTableViewCell.swift */; };
		C29AE6A827EA0070005CAD4E /* GameModeViewModel.swift in Sources */ = {isa = PBXBuildFile; fileRef = C29AE6A727EA0070005CAD4E /* GameModeViewModel.swift */; };
		C29AE6AA27EA0080005CAD4E /* GameModeDataProvider.swift in Sources */ = {isa = PBXBuildFile; fileRef = C29AE6A927EA0080005CAD4E /* GameModeDataProvider.swift */; };
		C29AE6B727EA3B1A005CAD4E /* AgentListViewController.swift in Sources */ = {isa = PBXBuildFile; fileRef = C29AE6B627EA3B1A005CAD4E /* AgentListViewController.swift */; };
		C29AE6BC27EA3C64005CAD4E /* MapTableViewController.swift in Sources */ = {isa = PBXBuildFile; fileRef = C29AE6BB27EA3C64005CAD4E /* MapTableViewController.swift */; };
		C29AE6BE27EA9ADC005CAD4E /* AgentListViewModel.swift in Sources */ = {isa = PBXBuildFile; fileRef = C29AE6BD27EA9ADC005CAD4E /* AgentListViewModel.swift */; };
		C29AE6C027EA9B1D005CAD4E /* AgentListDataProvider.swift in Sources */ = {isa = PBXBuildFile; fileRef = C29AE6BF27EA9B1D005CAD4E /* AgentListDataProvider.swift */; };
		C29AE6C227EAA029005CAD4E /* MapViewModel.swift in Sources */ = {isa = PBXBuildFile; fileRef = C29AE6C127EAA029005CAD4E /* MapViewModel.swift */; };
		C29AE6C427EAA053005CAD4E /* MapDataProvider.swift in Sources */ = {isa = PBXBuildFile; fileRef = C29AE6C327EAA053005CAD4E /* MapDataProvider.swift */; };
		C29AE6C827EAA97A005CAD4E /* LineUpViewController.swift in Sources */ = {isa = PBXBuildFile; fileRef = C29AE6C727EAA97A005CAD4E /* LineUpViewController.swift */; };
		C29AE6CA27EAAAC8005CAD4E /* LineUpViewModel.swift in Sources */ = {isa = PBXBuildFile; fileRef = C29AE6C927EAAAC8005CAD4E /* LineUpViewModel.swift */; };
		C2A15F8127D940F300FB6952 /* AppDelegate.swift in Sources */ = {isa = PBXBuildFile; fileRef = C2A15F8027D940F300FB6952 /* AppDelegate.swift */; };
		C2A15F8327D940F300FB6952 /* SceneDelegate.swift in Sources */ = {isa = PBXBuildFile; fileRef = C2A15F8227D940F300FB6952 /* SceneDelegate.swift */; };
		C2A15F8A27D940F400FB6952 /* Assets.xcassets in Resources */ = {isa = PBXBuildFile; fileRef = C2A15F8927D940F400FB6952 /* Assets.xcassets */; };
		C2A15F8D27D940F400FB6952 /* LaunchScreen.storyboard in Resources */ = {isa = PBXBuildFile; fileRef = C2A15F8B27D940F400FB6952 /* LaunchScreen.storyboard */; };
		C2A15F9927D96EEE00FB6952 /* Main.storyboard in Resources */ = {isa = PBXBuildFile; fileRef = C2A15F9827D96EEE00FB6952 /* Main.storyboard */; };
		C2A15F9C27DD1BB100FB6952 /* Agent.swift in Sources */ = {isa = PBXBuildFile; fileRef = C2A15F9B27DD1BB100FB6952 /* Agent.swift */; };
		C2A15F9E27DD1CE700FB6952 /* Maps.swift in Sources */ = {isa = PBXBuildFile; fileRef = C2A15F9D27DD1CE700FB6952 /* Maps.swift */; };
		C2A15FA027DD1D7600FB6952 /* Skins.swift in Sources */ = {isa = PBXBuildFile; fileRef = C2A15F9F27DD1D7600FB6952 /* Skins.swift */; };
		C2A15FA227DD1DF200FB6952 /* Weapons.swift in Sources */ = {isa = PBXBuildFile; fileRef = C2A15FA127DD1DF200FB6952 /* Weapons.swift */; };
		C2A15FA427DD1E8400FB6952 /* GameMode.swift in Sources */ = {isa = PBXBuildFile; fileRef = C2A15FA327DD1E8400FB6952 /* GameMode.swift */; };
		C2B4917A2A4DF8D200EB5EB4 /* AgentDetailsViewController.swift in Sources */ = {isa = PBXBuildFile; fileRef = C2B491792A4DF8D200EB5EB4 /* AgentDetailsViewController.swift */; };
/* End PBXBuildFile section */

/* Begin PBXFileReference section */
		3E0CAD0E27ED1D00000AF833 /* MapTableViewCell.swift */ = {isa = PBXFileReference; lastKnownFileType = sourcecode.swift; path = MapTableViewCell.swift; sourceTree = "<group>"; };
		3E0CAD0F27ED1D00000AF833 /* MapTableViewCell.xib */ = {isa = PBXFileReference; lastKnownFileType = file.xib; path = MapTableViewCell.xib; sourceTree = "<group>"; };
		3E0CAD1327ED1E20000AF833 /* Valorant Font.ttf */ = {isa = PBXFileReference; lastKnownFileType = file; path = "Valorant Font.ttf"; sourceTree = "<group>"; };
		3E0CAD1527ED1FD3000AF833 /* GradientView.swift */ = {isa = PBXFileReference; lastKnownFileType = sourcecode.swift; path = GradientView.swift; sourceTree = "<group>"; };
		C202392E2A4CC57A00FC72A0 /* AgentTableViewCell.xib */ = {isa = PBXFileReference; fileEncoding = 4; lastKnownFileType = file.xib; name = AgentTableViewCell.xib; path = ../../../../../../.Trash/AgentTableViewCell.xib; sourceTree = "<group>"; };
		C20239322A4CC5C300FC72A0 /* AgentsTableViewCell.swift */ = {isa = PBXFileReference; lastKnownFileType = sourcecode.swift; path = AgentsTableViewCell.swift; sourceTree = "<group>"; };
		C20239352A4CCC9400FC72A0 /* AgentDetails.storyboard */ = {isa = PBXFileReference; lastKnownFileType = file.storyboard; path = AgentDetails.storyboard; sourceTree = "<group>"; };
		C2079F5729197E2A006BA81D /* LineupList.storyboard */ = {isa = PBXFileReference; fileEncoding = 4; lastKnownFileType = file.storyboard; path = LineupList.storyboard; sourceTree = "<group>"; };
		C2079F5929197E95006BA81D /* AgentList.storyboard */ = {isa = PBXFileReference; fileEncoding = 4; lastKnownFileType = file.storyboard; path = AgentList.storyboard; sourceTree = "<group>"; };
		C2079F5B29197EBA006BA81D /* MapsList.storyboard */ = {isa = PBXFileReference; fileEncoding = 4; lastKnownFileType = file.storyboard; path = MapsList.storyboard; sourceTree = "<group>"; };
		C2079F5D29197ED0006BA81D /* LineupDetail.storyboard */ = {isa = PBXFileReference; fileEncoding = 4; lastKnownFileType = file.storyboard; path = LineupDetail.storyboard; sourceTree = "<group>"; };
		C2079F5F29197F47006BA81D /* Contents.storyboard */ = {isa = PBXFileReference; fileEncoding = 4; lastKnownFileType = file.storyboard; path = Contents.storyboard; sourceTree = "<group>"; };
		C2079F6129197F91006BA81D /* AgentContent.storyboard */ = {isa = PBXFileReference; fileEncoding = 4; lastKnownFileType = file.storyboard; path = AgentContent.storyboard; sourceTree = "<group>"; };
		C2079F6329197FA5006BA81D /* WeaponContent.storyboard */ = {isa = PBXFileReference; fileEncoding = 4; lastKnownFileType = file.storyboard; path = WeaponContent.storyboard; sourceTree = "<group>"; };
		C2079F6529197FBA006BA81D /* GameModeContents.storyboard */ = {isa = PBXFileReference; fileEncoding = 4; lastKnownFileType = file.storyboard; path = GameModeContents.storyboard; sourceTree = "<group>"; };
		C2079F6729197FCD006BA81D /* MapContent.storyboard */ = {isa = PBXFileReference; fileEncoding = 4; lastKnownFileType = file.storyboard; path = MapContent.storyboard; sourceTree = "<group>"; };
		C2079F6929197FEA006BA81D /* Acknowledgments.storyboard */ = {isa = PBXFileReference; fileEncoding = 4; lastKnownFileType = file.storyboard; path = Acknowledgments.storyboard; sourceTree = "<group>"; };
		C2079F6B29197FF7006BA81D /* About.storyboard */ = {isa = PBXFileReference; fileEncoding = 4; lastKnownFileType = file.storyboard; path = About.storyboard; sourceTree = "<group>"; };
		C21ED833281B343700BCEC26 /* AcknowledgmentsViewController.swift */ = {isa = PBXFileReference; lastKnownFileType = sourcecode.swift; path = AcknowledgmentsViewController.swift; sourceTree = "<group>"; };
		C21ED835281B359E00BCEC26 /* AboutViewController.swift */ = {isa = PBXFileReference; lastKnownFileType = sourcecode.swift; path = AboutViewController.swift; sourceTree = "<group>"; };
		C23542E6282229C400FE6E59 /* 1024.png */ = {isa = PBXFileReference; lastKnownFileType = image.png; path = 1024.png; sourceTree = "<group>"; };
		C23542EB2822336200FE6E59 /* IQTextView.swift */ = {isa = PBXFileReference; fileEncoding = 4; lastKnownFileType = sourcecode.swift; path = IQTextView.swift; sourceTree = "<group>"; };
		C23542EC2822336200FE6E59 /* IQKeyboardManager+Internal.swift */ = {isa = PBXFileReference; fileEncoding = 4; lastKnownFileType = sourcecode.swift; path = "IQKeyboardManager+Internal.swift"; sourceTree = "<group>"; };
		C23542EE2822336200FE6E59 /* IQPreviousNextView.swift */ = {isa = PBXFileReference; fileEncoding = 4; lastKnownFileType = sourcecode.swift; path = IQPreviousNextView.swift; sourceTree = "<group>"; };
		C23542EF2822336200FE6E59 /* IQTitleBarButtonItem.swift */ = {isa = PBXFileReference; fileEncoding = 4; lastKnownFileType = sourcecode.swift; path = IQTitleBarButtonItem.swift; sourceTree = "<group>"; };
		C23542F02822336200FE6E59 /* IQBarButtonItem.swift */ = {isa = PBXFileReference; fileEncoding = 4; lastKnownFileType = sourcecode.swift; path = IQBarButtonItem.swift; sourceTree = "<group>"; };
		C23542F12822336200FE6E59 /* IQToolbar.swift */ = {isa = PBXFileReference; fileEncoding = 4; lastKnownFileType = sourcecode.swift; path = IQToolbar.swift; sourceTree = "<group>"; };
		C23542F22822336200FE6E59 /* IQUIView+IQKeyboardToolbar.swift */ = {isa = PBXFileReference; fileEncoding = 4; lastKnownFileType = sourcecode.swift; path = "IQUIView+IQKeyboardToolbar.swift"; sourceTree = "<group>"; };
		C23542F32822336200FE6E59 /* IQInvocation.swift */ = {isa = PBXFileReference; fileEncoding = 4; lastKnownFileType = sourcecode.swift; path = IQInvocation.swift; sourceTree = "<group>"; };
		C23542F42822336200FE6E59 /* IQKeyboardManager+UIKeyboardNotification.swift */ = {isa = PBXFileReference; fileEncoding = 4; lastKnownFileType = sourcecode.swift; path = "IQKeyboardManager+UIKeyboardNotification.swift"; sourceTree = "<group>"; };
		C23542F62822336200FE6E59 /* IQKeyboardManagerConstantsInternal.swift */ = {isa = PBXFileReference; fileEncoding = 4; lastKnownFileType = sourcecode.swift; path = IQKeyboardManagerConstantsInternal.swift; sourceTree = "<group>"; };
		C23542F72822336200FE6E59 /* IQKeyboardManagerConstants.swift */ = {isa = PBXFileReference; fileEncoding = 4; lastKnownFileType = sourcecode.swift; path = IQKeyboardManagerConstants.swift; sourceTree = "<group>"; };
		C23542F82822336200FE6E59 /* IQKeyboardManager+Position.swift */ = {isa = PBXFileReference; fileEncoding = 4; lastKnownFileType = sourcecode.swift; path = "IQKeyboardManager+Position.swift"; sourceTree = "<group>"; };
		C23542F92822336200FE6E59 /* IQKeyboardReturnKeyHandler.swift */ = {isa = PBXFileReference; fileEncoding = 4; lastKnownFileType = sourcecode.swift; path = IQKeyboardReturnKeyHandler.swift; sourceTree = "<group>"; };
		C23542FA2822336200FE6E59 /* IQKeyboardManager.swift */ = {isa = PBXFileReference; fileEncoding = 4; lastKnownFileType = sourcecode.swift; path = IQKeyboardManager.swift; sourceTree = "<group>"; };
		C23542FB2822336200FE6E59 /* IQKeyboardManager+Debug.swift */ = {isa = PBXFileReference; fileEncoding = 4; lastKnownFileType = sourcecode.swift; path = "IQKeyboardManager+Debug.swift"; sourceTree = "<group>"; };
		C23542FC2822336200FE6E59 /* IQKeyboardManager+OrientationNotification.swift */ = {isa = PBXFileReference; fileEncoding = 4; lastKnownFileType = sourcecode.swift; path = "IQKeyboardManager+OrientationNotification.swift"; sourceTree = "<group>"; };
		C23542FD2822336200FE6E59 /* IQKeyboardManager+Toolbar.swift */ = {isa = PBXFileReference; fileEncoding = 4; lastKnownFileType = sourcecode.swift; path = "IQKeyboardManager+Toolbar.swift"; sourceTree = "<group>"; };
		C23542FE2822336200FE6E59 /* IQKeyboardManagerSwift.h */ = {isa = PBXFileReference; fileEncoding = 4; lastKnownFileType = sourcecode.c.h; path = IQKeyboardManagerSwift.h; sourceTree = "<group>"; };
		C23543002822336200FE6E59 /* IQUIScrollView+Additions.swift */ = {isa = PBXFileReference; fileEncoding = 4; lastKnownFileType = sourcecode.swift; path = "IQUIScrollView+Additions.swift"; sourceTree = "<group>"; };
		C23543012822336200FE6E59 /* IQUIViewController+Additions.swift */ = {isa = PBXFileReference; fileEncoding = 4; lastKnownFileType = sourcecode.swift; path = "IQUIViewController+Additions.swift"; sourceTree = "<group>"; };
		C23543022822336200FE6E59 /* IQUITextFieldView+Additions.swift */ = {isa = PBXFileReference; fileEncoding = 4; lastKnownFileType = sourcecode.swift; path = "IQUITextFieldView+Additions.swift"; sourceTree = "<group>"; };
		C23543032822336200FE6E59 /* IQUIView+Hierarchy.swift */ = {isa = PBXFileReference; fileEncoding = 4; lastKnownFileType = sourcecode.swift; path = "IQUIView+Hierarchy.swift"; sourceTree = "<group>"; };
		C23543042822336200FE6E59 /* IQNSArray+Sort.swift */ = {isa = PBXFileReference; fileEncoding = 4; lastKnownFileType = sourcecode.swift; path = "IQNSArray+Sort.swift"; sourceTree = "<group>"; };
		C23543052822336200FE6E59 /* IQKeyboardManager+UITextFieldViewNotification.swift */ = {isa = PBXFileReference; fileEncoding = 4; lastKnownFileType = sourcecode.swift; path = "IQKeyboardManager+UITextFieldViewNotification.swift"; sourceTree = "<group>"; };
		C24FD71227EEA1150032EB0D /* OneTrick.xcdatamodel */ = {isa = PBXFileReference; lastKnownFileType = wrapper.xcdatamodel; path = OneTrick.xcdatamodel; sourceTree = "<group>"; };
		C24FD73927EEA7C70032EB0D /* LineupListTableViewController.swift */ = {isa = PBXFileReference; lastKnownFileType = sourcecode.swift; path = LineupListTableViewController.swift; sourceTree = "<group>"; };
		C24FD74327EF804C0032EB0D /* LineupListTableViewCell.swift */ = {isa = PBXFileReference; lastKnownFileType = sourcecode.swift; path = LineupListTableViewCell.swift; sourceTree = "<group>"; };
		C24FD74F27F0D1A90032EB0D /* LineupListViewModel.swift */ = {isa = PBXFileReference; lastKnownFileType = sourcecode.swift; path = LineupListViewModel.swift; sourceTree = "<group>"; };
		C24FD75127F13DBB0032EB0D /* CoreDataStack.swift */ = {isa = PBXFileReference; lastKnownFileType = sourcecode.swift; path = CoreDataStack.swift; sourceTree = "<group>"; };
		C24FD75327F13F5D0032EB0D /* Lineup+Convienence.swift */ = {isa = PBXFileReference; lastKnownFileType = sourcecode.swift; path = "Lineup+Convienence.swift"; sourceTree = "<group>"; };
		C24FD75527F146820032EB0D /* Lineup+CoreDataClass.swift */ = {isa = PBXFileReference; lastKnownFileType = sourcecode.swift; path = "Lineup+CoreDataClass.swift"; sourceTree = "<group>"; };
		C24FD75627F146820032EB0D /* Lineup+CoreDataProperties.swift */ = {isa = PBXFileReference; lastKnownFileType = sourcecode.swift; path = "Lineup+CoreDataProperties.swift"; sourceTree = "<group>"; };
		C25356D72923FACF00D68A79 /* LineupCollectionViewCell.swift */ = {isa = PBXFileReference; lastKnownFileType = sourcecode.swift; path = LineupCollectionViewCell.swift; sourceTree = "<group>"; };
		C29AE66D27E1047E005CAD4E /* ContentViewController.swift */ = {isa = PBXFileReference; lastKnownFileType = sourcecode.swift; path = ContentViewController.swift; sourceTree = "<group>"; };
		C29AE67627E11BAC005CAD4E /* MapsViewController.swift */ = {isa = PBXFileReference; lastKnownFileType = sourcecode.swift; path = MapsViewController.swift; sourceTree = "<group>"; };
		C29AE67C27E11E40005CAD4E /* WeaponsViewController.swift */ = {isa = PBXFileReference; lastKnownFileType = sourcecode.swift; path = WeaponsViewController.swift; sourceTree = "<group>"; };
		C29AE67E27E11E5A005CAD4E /* WeaponsTableViewCell.swift */ = {isa = PBXFileReference; lastKnownFileType = sourcecode.swift; path = WeaponsTableViewCell.swift; sourceTree = "<group>"; };
		C29AE68327E24586005CAD4E /* MapsViewModel.swift */ = {isa = PBXFileReference; lastKnownFileType = sourcecode.swift; path = MapsViewModel.swift; sourceTree = "<group>"; };
		C29AE68627E245BF005CAD4E /* Network Error.swift */ = {isa = PBXFileReference; lastKnownFileType = sourcecode.swift; path = "Network Error.swift"; sourceTree = "<group>"; };
		C29AE68827E245F3005CAD4E /* APIDataProvidable.swift */ = {isa = PBXFileReference; lastKnownFileType = sourcecode.swift; path = APIDataProvidable.swift; sourceTree = "<group>"; };
		C29AE68A27E24835005CAD4E /* ContentEndpoint.swift */ = {isa = PBXFileReference; lastKnownFileType = sourcecode.swift; path = ContentEndpoint.swift; sourceTree = "<group>"; };
		C29AE69027E3A050005CAD4E /* MapsDataProvider.swift */ = {isa = PBXFileReference; lastKnownFileType = sourcecode.swift; path = MapsDataProvider.swift; sourceTree = "<group>"; };
		C29AE69227E3BB32005CAD4E /* MapImageView.swift */ = {isa = PBXFileReference; lastKnownFileType = sourcecode.swift; path = MapImageView.swift; sourceTree = "<group>"; };
		C29AE69427E3D1DC005CAD4E /* WeaponsViewModel.swift */ = {isa = PBXFileReference; lastKnownFileType = sourcecode.swift; path = WeaponsViewModel.swift; sourceTree = "<group>"; };
		C29AE69627E3D2F7005CAD4E /* WeaponDataProvider.swift */ = {isa = PBXFileReference; lastKnownFileType = sourcecode.swift; path = WeaponDataProvider.swift; sourceTree = "<group>"; };
		C29AE69927E98717005CAD4E /* AgentsViewController.swift */ = {isa = PBXFileReference; lastKnownFileType = sourcecode.swift; path = AgentsViewController.swift; sourceTree = "<group>"; };
		C29AE6A327EA003B005CAD4E /* GameModeViewController.swift */ = {isa = PBXFileReference; lastKnownFileType = sourcecode.swift; path = GameModeViewController.swift; sourceTree = "<group>"; };
		C29AE6A527EA005F005CAD4E /* GameModeTableViewCell.swift */ = {isa = PBXFileReference; lastKnownFileType = sourcecode.swift; path = GameModeTableViewCell.swift; sourceTree = "<group>"; };
		C29AE6A727EA0070005CAD4E /* GameModeViewModel.swift */ = {isa = PBXFileReference; lastKnownFileType = sourcecode.swift; path = GameModeViewModel.swift; sourceTree = "<group>"; };
		C29AE6A927EA0080005CAD4E /* GameModeDataProvider.swift */ = {isa = PBXFileReference; lastKnownFileType = sourcecode.swift; path = GameModeDataProvider.swift; sourceTree = "<group>"; };
		C29AE6B627EA3B1A005CAD4E /* AgentListViewController.swift */ = {isa = PBXFileReference; lastKnownFileType = sourcecode.swift; path = AgentListViewController.swift; sourceTree = "<group>"; };
		C29AE6BB27EA3C64005CAD4E /* MapTableViewController.swift */ = {isa = PBXFileReference; lastKnownFileType = sourcecode.swift; path = MapTableViewController.swift; sourceTree = "<group>"; };
		C29AE6BD27EA9ADC005CAD4E /* AgentListViewModel.swift */ = {isa = PBXFileReference; lastKnownFileType = sourcecode.swift; path = AgentListViewModel.swift; sourceTree = "<group>"; };
		C29AE6BF27EA9B1D005CAD4E /* AgentListDataProvider.swift */ = {isa = PBXFileReference; lastKnownFileType = sourcecode.swift; path = AgentListDataProvider.swift; sourceTree = "<group>"; };
		C29AE6C127EAA029005CAD4E /* MapViewModel.swift */ = {isa = PBXFileReference; lastKnownFileType = sourcecode.swift; path = MapViewModel.swift; sourceTree = "<group>"; };
		C29AE6C327EAA053005CAD4E /* MapDataProvider.swift */ = {isa = PBXFileReference; lastKnownFileType = sourcecode.swift; path = MapDataProvider.swift; sourceTree = "<group>"; };
		C29AE6C727EAA97A005CAD4E /* LineUpViewController.swift */ = {isa = PBXFileReference; lastKnownFileType = sourcecode.swift; path = LineUpViewController.swift; sourceTree = "<group>"; };
		C29AE6C927EAAAC8005CAD4E /* LineUpViewModel.swift */ = {isa = PBXFileReference; lastKnownFileType = sourcecode.swift; path = LineUpViewModel.swift; sourceTree = "<group>"; };
		C2A15F7D27D940F300FB6952 /* Lineup Larry.app */ = {isa = PBXFileReference; explicitFileType = wrapper.application; includeInIndex = 0; path = "Lineup Larry.app"; sourceTree = BUILT_PRODUCTS_DIR; };
		C2A15F8027D940F300FB6952 /* AppDelegate.swift */ = {isa = PBXFileReference; lastKnownFileType = sourcecode.swift; path = AppDelegate.swift; sourceTree = "<group>"; };
		C2A15F8227D940F300FB6952 /* SceneDelegate.swift */ = {isa = PBXFileReference; lastKnownFileType = sourcecode.swift; path = SceneDelegate.swift; sourceTree = "<group>"; };
		C2A15F8927D940F400FB6952 /* Assets.xcassets */ = {isa = PBXFileReference; lastKnownFileType = folder.assetcatalog; path = Assets.xcassets; sourceTree = "<group>"; };
		C2A15F8C27D940F400FB6952 /* Base */ = {isa = PBXFileReference; lastKnownFileType = file.storyboard; name = Base; path = Base.lproj/LaunchScreen.storyboard; sourceTree = "<group>"; };
		C2A15F8E27D940F400FB6952 /* Info.plist */ = {isa = PBXFileReference; lastKnownFileType = text.plist.xml; path = Info.plist; sourceTree = "<group>"; };
		C2A15F9827D96EEE00FB6952 /* Main.storyboard */ = {isa = PBXFileReference; lastKnownFileType = file.storyboard; name = Main.storyboard; path = "../Main App/Main.storyboard"; sourceTree = "<group>"; };
		C2A15F9B27DD1BB100FB6952 /* Agent.swift */ = {isa = PBXFileReference; lastKnownFileType = sourcecode.swift; path = Agent.swift; sourceTree = "<group>"; };
		C2A15F9D27DD1CE700FB6952 /* Maps.swift */ = {isa = PBXFileReference; lastKnownFileType = sourcecode.swift; path = Maps.swift; sourceTree = "<group>"; };
		C2A15F9F27DD1D7600FB6952 /* Skins.swift */ = {isa = PBXFileReference; lastKnownFileType = sourcecode.swift; path = Skins.swift; sourceTree = "<group>"; };
		C2A15FA127DD1DF200FB6952 /* Weapons.swift */ = {isa = PBXFileReference; lastKnownFileType = sourcecode.swift; path = Weapons.swift; sourceTree = "<group>"; };
		C2A15FA327DD1E8400FB6952 /* GameMode.swift */ = {isa = PBXFileReference; lastKnownFileType = sourcecode.swift; path = GameMode.swift; sourceTree = "<group>"; };
		C2B491792A4DF8D200EB5EB4 /* AgentDetailsViewController.swift */ = {isa = PBXFileReference; lastKnownFileType = sourcecode.swift; path = AgentDetailsViewController.swift; sourceTree = "<group>"; };
/* End PBXFileReference section */

/* Begin PBXFrameworksBuildPhase section */
		C2A15F7A27D940F300FB6952 /* Frameworks */ = {
			isa = PBXFrameworksBuildPhase;
			buildActionMask = 2147483647;
			files = (
			);
			runOnlyForDeploymentPostprocessing = 0;
		};
/* End PBXFrameworksBuildPhase section */

/* Begin PBXGroup section */
		3E0CAD0D27ED1CF1000AF833 /* Map Cell */ = {
			isa = PBXGroup;
			children = (
				3E0CAD0E27ED1D00000AF833 /* MapTableViewCell.swift */,
				3E0CAD0F27ED1D00000AF833 /* MapTableViewCell.xib */,
			);
			path = "Map Cell";
			sourceTree = "<group>";
		};
		3E0CAD1227ED1E0D000AF833 /* Fonts */ = {
			isa = PBXGroup;
			children = (
				3E0CAD1327ED1E20000AF833 /* Valorant Font.ttf */,
			);
			path = Fonts;
			sourceTree = "<group>";
		};
		3E228ECD27ECEC9600671FA1 /* Reusable Views */ = {
			isa = PBXGroup;
			children = (
				C202392D2A4CC56700FC72A0 /* Agent Cell */,
				3E0CAD0D27ED1CF1000AF833 /* Map Cell */,
				3E0CAD1527ED1FD3000AF833 /* GradientView.swift */,
			);
			path = "Reusable Views";
			sourceTree = "<group>";
		};
		C20239282A4C9C9F00FC72A0 /* About */ = {
			isa = PBXGroup;
			children = (
				C21ED835281B359E00BCEC26 /* AboutViewController.swift */,
				C2079F6B29197FF7006BA81D /* About.storyboard */,
			);
			path = About;
			sourceTree = "<group>";
		};
		C20239292A4C9CAF00FC72A0 /* Acknowledgements */ = {
			isa = PBXGroup;
			children = (
				C21ED833281B343700BCEC26 /* AcknowledgmentsViewController.swift */,
				C2079F6929197FEA006BA81D /* Acknowledgments.storyboard */,
			);
			path = Acknowledgements;
			sourceTree = "<group>";
		};
		C202392D2A4CC56700FC72A0 /* Agent Cell */ = {
			isa = PBXGroup;
			children = (
				C202392E2A4CC57A00FC72A0 /* AgentTableViewCell.xib */,
				C20239322A4CC5C300FC72A0 /* AgentsTableViewCell.swift */,
			);
			path = "Agent Cell";
			sourceTree = "<group>";
		};
		C20239342A4CCC6500FC72A0 /* Details */ = {
			isa = PBXGroup;
			children = (
				C20239352A4CCC9400FC72A0 /* AgentDetails.storyboard */,
				C2B491792A4DF8D200EB5EB4 /* AgentDetailsViewController.swift */,
			);
			path = Details;
			sourceTree = "<group>";
		};
		C21ED838281B380000BCEC26 /* Settings */ = {
			isa = PBXGroup;
			children = (
				C20239282A4C9C9F00FC72A0 /* About */,
				C20239292A4C9CAF00FC72A0 /* Acknowledgements */,
			);
			path = Settings;
			sourceTree = "<group>";
		};
		C21ED839281B385300BCEC26 /* Lineup List */ = {
			isa = PBXGroup;
			children = (
				C24FD73927EEA7C70032EB0D /* LineupListTableViewController.swift */,
				C24FD74327EF804C0032EB0D /* LineupListTableViewCell.swift */,
				C24FD74F27F0D1A90032EB0D /* LineupListViewModel.swift */,
				C2079F5729197E2A006BA81D /* LineupList.storyboard */,
			);
			path = "Lineup List";
			sourceTree = "<group>";
		};
		C23542E92822336200FE6E59 /* IQKeyboardManagerSwift */ = {
			isa = PBXGroup;
			children = (
				C23542EA2822336200FE6E59 /* IQTextView */,
				C23542EC2822336200FE6E59 /* IQKeyboardManager+Internal.swift */,
				C23542ED2822336200FE6E59 /* IQToolbar */,
				C23542F42822336200FE6E59 /* IQKeyboardManager+UIKeyboardNotification.swift */,
				C23542F52822336200FE6E59 /* Constants */,
				C23542F82822336200FE6E59 /* IQKeyboardManager+Position.swift */,
				C23542F92822336200FE6E59 /* IQKeyboardReturnKeyHandler.swift */,
				C23542FA2822336200FE6E59 /* IQKeyboardManager.swift */,
				C23542FB2822336200FE6E59 /* IQKeyboardManager+Debug.swift */,
				C23542FC2822336200FE6E59 /* IQKeyboardManager+OrientationNotification.swift */,
				C23542FD2822336200FE6E59 /* IQKeyboardManager+Toolbar.swift */,
				C23542FE2822336200FE6E59 /* IQKeyboardManagerSwift.h */,
				C23542FF2822336200FE6E59 /* Categories */,
				C23543052822336200FE6E59 /* IQKeyboardManager+UITextFieldViewNotification.swift */,
			);
			path = IQKeyboardManagerSwift;
			sourceTree = "<group>";
		};
		C23542EA2822336200FE6E59 /* IQTextView */ = {
			isa = PBXGroup;
			children = (
				C23542EB2822336200FE6E59 /* IQTextView.swift */,
			);
			path = IQTextView;
			sourceTree = "<group>";
		};
		C23542ED2822336200FE6E59 /* IQToolbar */ = {
			isa = PBXGroup;
			children = (
				C23542EE2822336200FE6E59 /* IQPreviousNextView.swift */,
				C23542EF2822336200FE6E59 /* IQTitleBarButtonItem.swift */,
				C23542F02822336200FE6E59 /* IQBarButtonItem.swift */,
				C23542F12822336200FE6E59 /* IQToolbar.swift */,
				C23542F22822336200FE6E59 /* IQUIView+IQKeyboardToolbar.swift */,
				C23542F32822336200FE6E59 /* IQInvocation.swift */,
			);
			path = IQToolbar;
			sourceTree = "<group>";
		};
		C23542F52822336200FE6E59 /* Constants */ = {
			isa = PBXGroup;
			children = (
				C23542F62822336200FE6E59 /* IQKeyboardManagerConstantsInternal.swift */,
				C23542F72822336200FE6E59 /* IQKeyboardManagerConstants.swift */,
			);
			path = Constants;
			sourceTree = "<group>";
		};
		C23542FF2822336200FE6E59 /* Categories */ = {
			isa = PBXGroup;
			children = (
				C23543002822336200FE6E59 /* IQUIScrollView+Additions.swift */,
				C23543012822336200FE6E59 /* IQUIViewController+Additions.swift */,
				C23543022822336200FE6E59 /* IQUITextFieldView+Additions.swift */,
				C23543032822336200FE6E59 /* IQUIView+Hierarchy.swift */,
				C23543042822336200FE6E59 /* IQNSArray+Sort.swift */,
			);
			path = Categories;
			sourceTree = "<group>";
		};
		C24FD73827EEA79B0032EB0D /* newEntry */ = {
			isa = PBXGroup;
			children = (
				C21ED839281B385300BCEC26 /* Lineup List */,
				C29AE6B527EA3AE4005CAD4E /* AgentList */,
				C29AE6BA27EA3C42005CAD4E /* MapList */,
				C29AE6C627EAA884005CAD4E /* Lineup Build */,
			);
			path = newEntry;
			sourceTree = "<group>";
		};
		C29AE66927E10262005CAD4E /* Content */ = {
			isa = PBXGroup;
			children = (
				C29AE66D27E1047E005CAD4E /* ContentViewController.swift */,
				C2079F5F29197F47006BA81D /* Contents.storyboard */,
				C29AE69827E986C4005CAD4E /* Agents */,
				C29AE66A27E10269005CAD4E /* Maps */,
				C29AE67127E11B11005CAD4E /* Weapons */,
				C29AE6A227E9FFE6005CAD4E /* GameMode */,
				C21ED838281B380000BCEC26 /* Settings */,
			);
			path = Content;
			sourceTree = "<group>";
		};
		C29AE66A27E10269005CAD4E /* Maps */ = {
			isa = PBXGroup;
			children = (
				C29AE67627E11BAC005CAD4E /* MapsViewController.swift */,
				C29AE68327E24586005CAD4E /* MapsViewModel.swift */,
				C29AE69027E3A050005CAD4E /* MapsDataProvider.swift */,
				C2079F6729197FCD006BA81D /* MapContent.storyboard */,
			);
			path = Maps;
			sourceTree = "<group>";
		};
		C29AE67127E11B11005CAD4E /* Weapons */ = {
			isa = PBXGroup;
			children = (
				C29AE67C27E11E40005CAD4E /* WeaponsViewController.swift */,
				C29AE67E27E11E5A005CAD4E /* WeaponsTableViewCell.swift */,
				C29AE69427E3D1DC005CAD4E /* WeaponsViewModel.swift */,
				C29AE69627E3D2F7005CAD4E /* WeaponDataProvider.swift */,
				C2079F6329197FA5006BA81D /* WeaponContent.storyboard */,
			);
			path = Weapons;
			sourceTree = "<group>";
		};
		C29AE68227E1630B005CAD4E /* Main App */ = {
			isa = PBXGroup;
			children = (
				C24FD73827EEA79B0032EB0D /* newEntry */,
				C29AE66927E10262005CAD4E /* Content */,
			);
			path = "Main App";
			sourceTree = "<group>";
		};
		C29AE68527E245B0005CAD4E /* Networking */ = {
			isa = PBXGroup;
			children = (
				C29AE68627E245BF005CAD4E /* Network Error.swift */,
				C29AE68827E245F3005CAD4E /* APIDataProvidable.swift */,
				C29AE69227E3BB32005CAD4E /* MapImageView.swift */,
				C29AE68A27E24835005CAD4E /* ContentEndpoint.swift */,
			);
			path = Networking;
			sourceTree = "<group>";
		};
		C29AE69827E986C4005CAD4E /* Agents */ = {
			isa = PBXGroup;
			children = (
				C2B491782A4DF87C00EB5EB4 /* AgentList */,
				C20239342A4CCC6500FC72A0 /* Details */,
			);
			path = Agents;
			sourceTree = "<group>";
		};
		C29AE6A227E9FFE6005CAD4E /* GameMode */ = {
			isa = PBXGroup;
			children = (
				C29AE6A327EA003B005CAD4E /* GameModeViewController.swift */,
				C29AE6A527EA005F005CAD4E /* GameModeTableViewCell.swift */,
				C29AE6A727EA0070005CAD4E /* GameModeViewModel.swift */,
				C29AE6A927EA0080005CAD4E /* GameModeDataProvider.swift */,
				C2079F6529197FBA006BA81D /* GameModeContents.storyboard */,
			);
			path = GameMode;
			sourceTree = "<group>";
		};
		C29AE6B527EA3AE4005CAD4E /* AgentList */ = {
			isa = PBXGroup;
			children = (
				C29AE6B627EA3B1A005CAD4E /* AgentListViewController.swift */,
				C29AE6BD27EA9ADC005CAD4E /* AgentListViewModel.swift */,
				C29AE6BF27EA9B1D005CAD4E /* AgentListDataProvider.swift */,
				C2079F5929197E95006BA81D /* AgentList.storyboard */,
			);
			path = AgentList;
			sourceTree = "<group>";
		};
		C29AE6BA27EA3C42005CAD4E /* MapList */ = {
			isa = PBXGroup;
			children = (
				C29AE6BB27EA3C64005CAD4E /* MapTableViewController.swift */,
				C29AE6C127EAA029005CAD4E /* MapViewModel.swift */,
				C29AE6C327EAA053005CAD4E /* MapDataProvider.swift */,
				C2079F5B29197EBA006BA81D /* MapsList.storyboard */,
			);
			path = MapList;
			sourceTree = "<group>";
		};
		C29AE6C627EAA884005CAD4E /* Lineup Build */ = {
			isa = PBXGroup;
			children = (
				C29AE6C727EAA97A005CAD4E /* LineUpViewController.swift */,
				C25356D72923FACF00D68A79 /* LineupCollectionViewCell.swift */,
				C29AE6C927EAAAC8005CAD4E /* LineUpViewModel.swift */,
				C2079F5D29197ED0006BA81D /* LineupDetail.storyboard */,
			);
			path = "Lineup Build";
			sourceTree = "<group>";
		};
		C2A15F7427D940F300FB6952 = {
			isa = PBXGroup;
			children = (
				C2A15F7F27D940F300FB6952 /* Lineup Larry */,
				C2A15F7E27D940F300FB6952 /* Products */,
			);
			sourceTree = "<group>";
		};
		C2A15F7E27D940F300FB6952 /* Products */ = {
			isa = PBXGroup;
			children = (
				C2A15F7D27D940F300FB6952 /* Lineup Larry.app */,
			);
			name = Products;
			sourceTree = "<group>";
		};
		C2A15F7F27D940F300FB6952 /* Lineup Larry */ = {
			isa = PBXGroup;
			children = (
				C29AE68527E245B0005CAD4E /* Networking */,
				3E228ECD27ECEC9600671FA1 /* Reusable Views */,
				C2A15F9A27DD1B9200FB6952 /* Model */,
				C29AE68227E1630B005CAD4E /* Main App */,
				C2A15F9427D9410C00FB6952 /* Resources */,
			);
			path = "Lineup Larry";
			sourceTree = "<group>";
		};
		C2A15F9427D9410C00FB6952 /* Resources */ = {
			isa = PBXGroup;
			children = (
				C23542E92822336200FE6E59 /* IQKeyboardManagerSwift */,
				3E0CAD1227ED1E0D000AF833 /* Fonts */,
				C2A15F8027D940F300FB6952 /* AppDelegate.swift */,
				C24FD75127F13DBB0032EB0D /* CoreDataStack.swift */,
				C2A15F8227D940F300FB6952 /* SceneDelegate.swift */,
				C2A15F8927D940F400FB6952 /* Assets.xcassets */,
				C23542E6282229C400FE6E59 /* 1024.png */,
				C2A15F9827D96EEE00FB6952 /* Main.storyboard */,
				C2A15F8B27D940F400FB6952 /* LaunchScreen.storyboard */,
				C2A15F8E27D940F400FB6952 /* Info.plist */,
			);
			path = Resources;
			sourceTree = "<group>";
		};
		C2A15F9A27DD1B9200FB6952 /* Model */ = {
			isa = PBXGroup;
			children = (
				C24FD71127EEA1150032EB0D /* OneTrick.xcdatamodeld */,
				C24FD75327F13F5D0032EB0D /* Lineup+Convienence.swift */,
				C24FD75527F146820032EB0D /* Lineup+CoreDataClass.swift */,
				C24FD75627F146820032EB0D /* Lineup+CoreDataProperties.swift */,
				C2A15F9B27DD1BB100FB6952 /* Agent.swift */,
				C2A15F9D27DD1CE700FB6952 /* Maps.swift */,
				C2A15F9F27DD1D7600FB6952 /* Skins.swift */,
				C2A15FA127DD1DF200FB6952 /* Weapons.swift */,
				C2A15FA327DD1E8400FB6952 /* GameMode.swift */,
			);
			path = Model;
			sourceTree = "<group>";
		};
		C2B491782A4DF87C00EB5EB4 /* AgentList */ = {
			isa = PBXGroup;
			children = (
				C29AE69927E98717005CAD4E /* AgentsViewController.swift */,
				C2079F6129197F91006BA81D /* AgentContent.storyboard */,
			);
			path = AgentList;
			sourceTree = "<group>";
		};
/* End PBXGroup section */

/* Begin PBXNativeTarget section */
		C2A15F7C27D940F300FB6952 /* Lineup Larry */ = {
			isa = PBXNativeTarget;
			buildConfigurationList = C2A15F9127D940F400FB6952 /* Build configuration list for PBXNativeTarget "Lineup Larry" */;
			buildPhases = (
				C2A15F7927D940F300FB6952 /* Sources */,
				C2A15F7A27D940F300FB6952 /* Frameworks */,
				C2A15F7B27D940F300FB6952 /* Resources */,
			);
			buildRules = (
			);
			dependencies = (
			);
			name = "Lineup Larry";
			packageProductDependencies = (
			);
			productName = "One Trick Companion";
			productReference = C2A15F7D27D940F300FB6952 /* Lineup Larry.app */;
			productType = "com.apple.product-type.application";
		};
/* End PBXNativeTarget section */

/* Begin PBXProject section */
		C2A15F7527D940F300FB6952 /* Project object */ = {
			isa = PBXProject;
			attributes = {
				BuildIndependentTargetsInParallel = 1;
				LastSwiftUpdateCheck = 1320;
				LastUpgradeCheck = 1320;
				TargetAttributes = {
					C2A15F7C27D940F300FB6952 = {
						CreatedOnToolsVersion = 13.2.1;
					};
				};
			};
			buildConfigurationList = C2A15F7827D940F300FB6952 /* Build configuration list for PBXProject "Lineup Larry" */;
			compatibilityVersion = "Xcode 13.0";
			developmentRegion = en;
			hasScannedForEncodings = 0;
			knownRegions = (
				en,
				Base,
			);
			mainGroup = C2A15F7427D940F300FB6952;
			packageReferences = (
			);
			productRefGroup = C2A15F7E27D940F300FB6952 /* Products */;
			projectDirPath = "";
			projectRoot = "";
			targets = (
				C2A15F7C27D940F300FB6952 /* Lineup Larry */,
			);
		};
/* End PBXProject section */

/* Begin PBXResourcesBuildPhase section */
		C2A15F7B27D940F300FB6952 /* Resources */ = {
			isa = PBXResourcesBuildPhase;
			buildActionMask = 2147483647;
			files = (
				3E0CAD1427ED1E3A000AF833 /* Valorant Font.ttf in Resources */,
				C202392F2A4CC57A00FC72A0 /* AgentTableViewCell.xib in Resources */,
				C2079F5C29197EBA006BA81D /* MapsList.storyboard in Resources */,
				C2079F5E29197ED0006BA81D /* LineupDetail.storyboard in Resources */,
				C2A15F8D27D940F400FB6952 /* LaunchScreen.storyboard in Resources */,
				C2079F6229197F91006BA81D /* AgentContent.storyboard in Resources */,
				C2079F6829197FCD006BA81D /* MapContent.storyboard in Resources */,
				C2A15F8A27D940F400FB6952 /* Assets.xcassets in Resources */,
				C23542E7282229C400FE6E59 /* 1024.png in Resources */,
				C2A15F9927D96EEE00FB6952 /* Main.storyboard in Resources */,
				C2079F5829197E2A006BA81D /* LineupList.storyboard in Resources */,
				C2079F6029197F47006BA81D /* Contents.storyboard in Resources */,
				C2079F6429197FA5006BA81D /* WeaponContent.storyboard in Resources */,
				C2079F6629197FBA006BA81D /* GameModeContents.storyboard in Resources */,
				C2079F6C29197FF7006BA81D /* About.storyboard in Resources */,
				C2079F5A29197E95006BA81D /* AgentList.storyboard in Resources */,
				C2079F6A29197FEA006BA81D /* Acknowledgments.storyboard in Resources */,
				C20239362A4CCC9400FC72A0 /* AgentDetails.storyboard in Resources */,
				3E0CAD1127ED1D00000AF833 /* MapTableViewCell.xib in Resources */,
			);
			runOnlyForDeploymentPostprocessing = 0;
		};
/* End PBXResourcesBuildPhase section */

/* Begin PBXSourcesBuildPhase section */
		C2A15F7927D940F300FB6952 /* Sources */ = {
			isa = PBXSourcesBuildPhase;
			buildActionMask = 2147483647;
			files = (
				C29AE6C427EAA053005CAD4E /* MapDataProvider.swift in Sources */,
				C2B4917A2A4DF8D200EB5EB4 /* AgentDetailsViewController.swift in Sources */,
				C29AE69327E3BB32005CAD4E /* MapImageView.swift in Sources */,
				C23543122822336200FE6E59 /* IQKeyboardReturnKeyHandler.swift in Sources */,
				C29AE6A827EA0070005CAD4E /* GameModeViewModel.swift in Sources */,
				C23543162822336200FE6E59 /* IQKeyboardManager+Toolbar.swift in Sources */,
				C24FD75027F0D1A90032EB0D /* LineupListViewModel.swift in Sources */,
				C2A15FA427DD1E8400FB6952 /* GameMode.swift in Sources */,
				3E0CAD1627ED1FD3000AF833 /* GradientView.swift in Sources */,
				C23543142822336200FE6E59 /* IQKeyboardManager+Debug.swift in Sources */,
				3E0CAD1027ED1D00000AF833 /* MapTableViewCell.swift in Sources */,
				C24FD75227F13DBB0032EB0D /* CoreDataStack.swift in Sources */,
				C21ED836281B359E00BCEC26 /* AboutViewController.swift in Sources */,
				C23543062822336200FE6E59 /* IQTextView.swift in Sources */,
				C2A15F9C27DD1BB100FB6952 /* Agent.swift in Sources */,
				C23543172822336200FE6E59 /* IQUIScrollView+Additions.swift in Sources */,
				C29AE67727E11BAC005CAD4E /* MapsViewController.swift in Sources */,
				C29AE6A427EA003B005CAD4E /* GameModeViewController.swift in Sources */,
				C235430D2822336200FE6E59 /* IQInvocation.swift in Sources */,
				C29AE6C227EAA029005CAD4E /* MapViewModel.swift in Sources */,
				C23543072822336200FE6E59 /* IQKeyboardManager+Internal.swift in Sources */,
				C235430C2822336200FE6E59 /* IQUIView+IQKeyboardToolbar.swift in Sources */,
				C29AE69127E3A050005CAD4E /* MapsDataProvider.swift in Sources */,
				C235431B2822336200FE6E59 /* IQNSArray+Sort.swift in Sources */,
				C29AE68727E245BF005CAD4E /* Network Error.swift in Sources */,
				C29AE69A27E98717005CAD4E /* AgentsViewController.swift in Sources */,
				C29AE67F27E11E5A005CAD4E /* WeaponsTableViewCell.swift in Sources */,
				C29AE67D27E11E40005CAD4E /* WeaponsViewController.swift in Sources */,
				C23543182822336200FE6E59 /* IQUIViewController+Additions.swift in Sources */,
				C2A15F8127D940F300FB6952 /* AppDelegate.swift in Sources */,
				C235430B2822336200FE6E59 /* IQToolbar.swift in Sources */,
				C235430F2822336200FE6E59 /* IQKeyboardManagerConstantsInternal.swift in Sources */,
				C29AE68427E24586005CAD4E /* MapsViewModel.swift in Sources */,
				C29AE6C027EA9B1D005CAD4E /* AgentListDataProvider.swift in Sources */,
				C235430E2822336200FE6E59 /* IQKeyboardManager+UIKeyboardNotification.swift in Sources */,
				C24FD75427F13F5D0032EB0D /* Lineup+Convienence.swift in Sources */,
				C2A15F9E27DD1CE700FB6952 /* Maps.swift in Sources */,
				C23543112822336200FE6E59 /* IQKeyboardManager+Position.swift in Sources */,
				C29AE6BE27EA9ADC005CAD4E /* AgentListViewModel.swift in Sources */,
				C29AE68927E245F3005CAD4E /* APIDataProvidable.swift in Sources */,
				C20239332A4CC5C300FC72A0 /* AgentsTableViewCell.swift in Sources */,
				C29AE69527E3D1DC005CAD4E /* WeaponsViewModel.swift in Sources */,
				C24FD71327EEA1150032EB0D /* OneTrick.xcdatamodeld in Sources */,
				C24FD73A27EEA7C70032EB0D /* LineupListTableViewController.swift in Sources */,
				C23543152822336200FE6E59 /* IQKeyboardManager+OrientationNotification.swift in Sources */,
				C235431A2822336200FE6E59 /* IQUIView+Hierarchy.swift in Sources */,
				C23543132822336200FE6E59 /* IQKeyboardManager.swift in Sources */,
				C24FD75827F146820032EB0D /* Lineup+CoreDataProperties.swift in Sources */,
				C29AE68B27E24835005CAD4E /* ContentEndpoint.swift in Sources */,
				C29AE66E27E1047E005CAD4E /* ContentViewController.swift in Sources */,
				C2A15FA227DD1DF200FB6952 /* Weapons.swift in Sources */,
				C29AE6C827EAA97A005CAD4E /* LineUpViewController.swift in Sources */,
				C235431C2822336200FE6E59 /* IQKeyboardManager+UITextFieldViewNotification.swift in Sources */,
				C23543092822336200FE6E59 /* IQTitleBarButtonItem.swift in Sources */,
				C29AE69727E3D2F7005CAD4E /* WeaponDataProvider.swift in Sources */,
				C235430A2822336200FE6E59 /* IQBarButtonItem.swift in Sources */,
				C2A15FA027DD1D7600FB6952 /* Skins.swift in Sources */,
				C25356D82923FACF00D68A79 /* LineupCollectionViewCell.swift in Sources */,
				C23543082822336200FE6E59 /* IQPreviousNextView.swift in Sources */,
				C2A15F8327D940F300FB6952 /* SceneDelegate.swift in Sources */,
				C24FD74427EF804C0032EB0D /* LineupListTableViewCell.swift in Sources */,
				C29AE6BC27EA3C64005CAD4E /* MapTableViewController.swift in Sources */,
				C29AE6A627EA005F005CAD4E /* GameModeTableViewCell.swift in Sources */,
				C29AE6CA27EAAAC8005CAD4E /* LineUpViewModel.swift in Sources */,
				C23543192822336200FE6E59 /* IQUITextFieldView+Additions.swift in Sources */,
				C29AE6AA27EA0080005CAD4E /* GameModeDataProvider.swift in Sources */,
				C21ED834281B343700BCEC26 /* AcknowledgmentsViewController.swift in Sources */,
				C23543102822336200FE6E59 /* IQKeyboardManagerConstants.swift in Sources */,
				C29AE6B727EA3B1A005CAD4E /* AgentListViewController.swift in Sources */,
				C24FD75727F146820032EB0D /* Lineup+CoreDataClass.swift in Sources */,
			);
			runOnlyForDeploymentPostprocessing = 0;
		};
/* End PBXSourcesBuildPhase section */

/* Begin PBXVariantGroup section */
		C2A15F8B27D940F400FB6952 /* LaunchScreen.storyboard */ = {
			isa = PBXVariantGroup;
			children = (
				C2A15F8C27D940F400FB6952 /* Base */,
			);
			name = LaunchScreen.storyboard;
			sourceTree = "<group>";
		};
/* End PBXVariantGroup section */

/* Begin XCBuildConfiguration section */
		C2A15F8F27D940F400FB6952 /* Debug */ = {
			isa = XCBuildConfiguration;
			buildSettings = {
				ALWAYS_SEARCH_USER_PATHS = NO;
				CLANG_ANALYZER_NONNULL = YES;
				CLANG_ANALYZER_NUMBER_OBJECT_CONVERSION = YES_AGGRESSIVE;
				CLANG_CXX_LANGUAGE_STANDARD = "gnu++17";
				CLANG_CXX_LIBRARY = "libc++";
				CLANG_ENABLE_MODULES = YES;
				CLANG_ENABLE_OBJC_ARC = YES;
				CLANG_ENABLE_OBJC_WEAK = YES;
				CLANG_WARN_BLOCK_CAPTURE_AUTORELEASING = YES;
				CLANG_WARN_BOOL_CONVERSION = YES;
				CLANG_WARN_COMMA = YES;
				CLANG_WARN_CONSTANT_CONVERSION = YES;
				CLANG_WARN_DEPRECATED_OBJC_IMPLEMENTATIONS = YES;
				CLANG_WARN_DIRECT_OBJC_ISA_USAGE = YES_ERROR;
				CLANG_WARN_DOCUMENTATION_COMMENTS = YES;
				CLANG_WARN_EMPTY_BODY = YES;
				CLANG_WARN_ENUM_CONVERSION = YES;
				CLANG_WARN_INFINITE_RECURSION = YES;
				CLANG_WARN_INT_CONVERSION = YES;
				CLANG_WARN_NON_LITERAL_NULL_CONVERSION = YES;
				CLANG_WARN_OBJC_IMPLICIT_RETAIN_SELF = YES;
				CLANG_WARN_OBJC_LITERAL_CONVERSION = YES;
				CLANG_WARN_OBJC_ROOT_CLASS = YES_ERROR;
				CLANG_WARN_QUOTED_INCLUDE_IN_FRAMEWORK_HEADER = YES;
				CLANG_WARN_RANGE_LOOP_ANALYSIS = YES;
				CLANG_WARN_STRICT_PROTOTYPES = YES;
				CLANG_WARN_SUSPICIOUS_MOVE = YES;
				CLANG_WARN_UNGUARDED_AVAILABILITY = YES_AGGRESSIVE;
				CLANG_WARN_UNREACHABLE_CODE = YES;
				CLANG_WARN__DUPLICATE_METHOD_MATCH = YES;
				COPY_PHASE_STRIP = NO;
				DEBUG_INFORMATION_FORMAT = dwarf;
				ENABLE_STRICT_OBJC_MSGSEND = YES;
				ENABLE_TESTABILITY = YES;
				GCC_C_LANGUAGE_STANDARD = gnu11;
				GCC_DYNAMIC_NO_PIC = NO;
				GCC_NO_COMMON_BLOCKS = YES;
				GCC_OPTIMIZATION_LEVEL = 0;
				GCC_PREPROCESSOR_DEFINITIONS = (
					"DEBUG=1",
					"$(inherited)",
				);
				GCC_WARN_64_TO_32_BIT_CONVERSION = YES;
				GCC_WARN_ABOUT_RETURN_TYPE = YES_ERROR;
				GCC_WARN_UNDECLARED_SELECTOR = YES;
				GCC_WARN_UNINITIALIZED_AUTOS = YES_AGGRESSIVE;
				GCC_WARN_UNUSED_FUNCTION = YES;
				GCC_WARN_UNUSED_VARIABLE = YES;
				IPHONEOS_DEPLOYMENT_TARGET = 14.0;
				MTL_ENABLE_DEBUG_INFO = INCLUDE_SOURCE;
				MTL_FAST_MATH = YES;
				ONLY_ACTIVE_ARCH = YES;
				SDKROOT = iphoneos;
				SWIFT_ACTIVE_COMPILATION_CONDITIONS = DEBUG;
				SWIFT_OPTIMIZATION_LEVEL = "-Onone";
			};
			name = Debug;
		};
		C2A15F9027D940F400FB6952 /* Release */ = {
			isa = XCBuildConfiguration;
			buildSettings = {
				ALWAYS_SEARCH_USER_PATHS = NO;
				CLANG_ANALYZER_NONNULL = YES;
				CLANG_ANALYZER_NUMBER_OBJECT_CONVERSION = YES_AGGRESSIVE;
				CLANG_CXX_LANGUAGE_STANDARD = "gnu++17";
				CLANG_CXX_LIBRARY = "libc++";
				CLANG_ENABLE_MODULES = YES;
				CLANG_ENABLE_OBJC_ARC = YES;
				CLANG_ENABLE_OBJC_WEAK = YES;
				CLANG_WARN_BLOCK_CAPTURE_AUTORELEASING = YES;
				CLANG_WARN_BOOL_CONVERSION = YES;
				CLANG_WARN_COMMA = YES;
				CLANG_WARN_CONSTANT_CONVERSION = YES;
				CLANG_WARN_DEPRECATED_OBJC_IMPLEMENTATIONS = YES;
				CLANG_WARN_DIRECT_OBJC_ISA_USAGE = YES_ERROR;
				CLANG_WARN_DOCUMENTATION_COMMENTS = YES;
				CLANG_WARN_EMPTY_BODY = YES;
				CLANG_WARN_ENUM_CONVERSION = YES;
				CLANG_WARN_INFINITE_RECURSION = YES;
				CLANG_WARN_INT_CONVERSION = YES;
				CLANG_WARN_NON_LITERAL_NULL_CONVERSION = YES;
				CLANG_WARN_OBJC_IMPLICIT_RETAIN_SELF = YES;
				CLANG_WARN_OBJC_LITERAL_CONVERSION = YES;
				CLANG_WARN_OBJC_ROOT_CLASS = YES_ERROR;
				CLANG_WARN_QUOTED_INCLUDE_IN_FRAMEWORK_HEADER = YES;
				CLANG_WARN_RANGE_LOOP_ANALYSIS = YES;
				CLANG_WARN_STRICT_PROTOTYPES = YES;
				CLANG_WARN_SUSPICIOUS_MOVE = YES;
				CLANG_WARN_UNGUARDED_AVAILABILITY = YES_AGGRESSIVE;
				CLANG_WARN_UNREACHABLE_CODE = YES;
				CLANG_WARN__DUPLICATE_METHOD_MATCH = YES;
				COPY_PHASE_STRIP = NO;
				DEBUG_INFORMATION_FORMAT = "dwarf-with-dsym";
				ENABLE_NS_ASSERTIONS = NO;
				ENABLE_STRICT_OBJC_MSGSEND = YES;
				GCC_C_LANGUAGE_STANDARD = gnu11;
				GCC_NO_COMMON_BLOCKS = YES;
				GCC_WARN_64_TO_32_BIT_CONVERSION = YES;
				GCC_WARN_ABOUT_RETURN_TYPE = YES_ERROR;
				GCC_WARN_UNDECLARED_SELECTOR = YES;
				GCC_WARN_UNINITIALIZED_AUTOS = YES_AGGRESSIVE;
				GCC_WARN_UNUSED_FUNCTION = YES;
				GCC_WARN_UNUSED_VARIABLE = YES;
				IPHONEOS_DEPLOYMENT_TARGET = 14.0;
				MTL_ENABLE_DEBUG_INFO = NO;
				MTL_FAST_MATH = YES;
				SDKROOT = iphoneos;
				SWIFT_COMPILATION_MODE = wholemodule;
				SWIFT_OPTIMIZATION_LEVEL = "-O";
				VALIDATE_PRODUCT = YES;
			};
			name = Release;
		};
		C2A15F9227D940F400FB6952 /* Debug */ = {
			isa = XCBuildConfiguration;
			buildSettings = {
				ASSETCATALOG_COMPILER_APPICON_NAME = AppIcon;
				ASSETCATALOG_COMPILER_GLOBAL_ACCENT_COLOR_NAME = AccentColor;
				CODE_SIGN_STYLE = Automatic;
				CURRENT_PROJECT_VERSION = 1;
				DEVELOPMENT_TEAM = 9DXP3CGV77;
				GENERATE_INFOPLIST_FILE = YES;
				INFOPLIST_FILE = "Lineup Larry/Resources/Info.plist";
				INFOPLIST_KEY_NSPhotoLibraryUsageDescription = "Please allow access.";
				INFOPLIST_KEY_UIApplicationSupportsIndirectInputEvents = YES;
				INFOPLIST_KEY_UILaunchStoryboardName = Main.storyboard;
				INFOPLIST_KEY_UIMainStoryboardFile = Main;
				INFOPLIST_KEY_UIStatusBarStyle = UIStatusBarStyleDarkContent;
				INFOPLIST_KEY_UISupportedInterfaceOrientations_iPad = "UIInterfaceOrientationPortrait UIInterfaceOrientationPortraitUpsideDown UIInterfaceOrientationLandscapeLeft UIInterfaceOrientationLandscapeRight";
				INFOPLIST_KEY_UISupportedInterfaceOrientations_iPhone = "UIInterfaceOrientationPortrait UIInterfaceOrientationLandscapeLeft UIInterfaceOrientationLandscapeRight";
				INFOPLIST_KEY_UIUserInterfaceStyle = Light;
				IPHONEOS_DEPLOYMENT_TARGET = 14.0;
				LD_RUNPATH_SEARCH_PATHS = (
					"$(inherited)",
					"@executable_path/Frameworks",
				);
				MARKETING_VERSION = 0.1.0;
				PRODUCT_BUNDLE_IDENTIFIER = "com.adamsmith.One-Trick-Companion";
				PRODUCT_NAME = "$(TARGET_NAME)";
				SWIFT_EMIT_LOC_STRINGS = YES;
				SWIFT_VERSION = 5.0;
				TARGETED_DEVICE_FAMILY = 1;
			};
			name = Debug;
		};
		C2A15F9327D940F400FB6952 /* Release */ = {
			isa = XCBuildConfiguration;
			buildSettings = {
				ASSETCATALOG_COMPILER_APPICON_NAME = AppIcon;
				ASSETCATALOG_COMPILER_GLOBAL_ACCENT_COLOR_NAME = AccentColor;
				CODE_SIGN_STYLE = Automatic;
				CURRENT_PROJECT_VERSION = 1;
				DEVELOPMENT_TEAM = 9DXP3CGV77;
				GENERATE_INFOPLIST_FILE = YES;
				INFOPLIST_FILE = "Lineup Larry/Resources/Info.plist";
				INFOPLIST_KEY_NSPhotoLibraryUsageDescription = "Please allow access.";
				INFOPLIST_KEY_UIApplicationSupportsIndirectInputEvents = YES;
				INFOPLIST_KEY_UILaunchStoryboardName = Main.storyboard;
				INFOPLIST_KEY_UIMainStoryboardFile = Main;
				INFOPLIST_KEY_UIStatusBarStyle = UIStatusBarStyleDarkContent;
				INFOPLIST_KEY_UISupportedInterfaceOrientations_iPad = "UIInterfaceOrientationPortrait UIInterfaceOrientationPortraitUpsideDown UIInterfaceOrientationLandscapeLeft UIInterfaceOrientationLandscapeRight";
				INFOPLIST_KEY_UISupportedInterfaceOrientations_iPhone = "UIInterfaceOrientationPortrait UIInterfaceOrientationLandscapeLeft UIInterfaceOrientationLandscapeRight";
				INFOPLIST_KEY_UIUserInterfaceStyle = Light;
				IPHONEOS_DEPLOYMENT_TARGET = 14.0;
				LD_RUNPATH_SEARCH_PATHS = (
					"$(inherited)",
					"@executable_path/Frameworks",
				);
				MARKETING_VERSION = 0.1.0;
				PRODUCT_BUNDLE_IDENTIFIER = "com.adamsmith.One-Trick-Companion";
				PRODUCT_NAME = "$(TARGET_NAME)";
				SWIFT_EMIT_LOC_STRINGS = YES;
				SWIFT_VERSION = 5.0;
				TARGETED_DEVICE_FAMILY = 1;
			};
			name = Release;
		};
/* End XCBuildConfiguration section */

/* Begin XCConfigurationList section */
		C2A15F7827D940F300FB6952 /* Build configuration list for PBXProject "Lineup Larry" */ = {
			isa = XCConfigurationList;
			buildConfigurations = (
				C2A15F8F27D940F400FB6952 /* Debug */,
				C2A15F9027D940F400FB6952 /* Release */,
			);
			defaultConfigurationIsVisible = 0;
			defaultConfigurationName = Release;
		};
		C2A15F9127D940F400FB6952 /* Build configuration list for PBXNativeTarget "Lineup Larry" */ = {
			isa = XCConfigurationList;
			buildConfigurations = (
				C2A15F9227D940F400FB6952 /* Debug */,
				C2A15F9327D940F400FB6952 /* Release */,
			);
			defaultConfigurationIsVisible = 0;
			defaultConfigurationName = Release;
		};
/* End XCConfigurationList section */

/* Begin XCVersionGroup section */
		C24FD71127EEA1150032EB0D /* OneTrick.xcdatamodeld */ = {
			isa = XCVersionGroup;
			children = (
				C24FD71227EEA1150032EB0D /* OneTrick.xcdatamodel */,
			);
			currentVersion = C24FD71227EEA1150032EB0D /* OneTrick.xcdatamodel */;
			path = OneTrick.xcdatamodeld;
			sourceTree = "<group>";
			versionGroupType = wrapper.xcdatamodel;
		};
/* End XCVersionGroup section */
	};
	rootObject = C2A15F7527D940F300FB6952 /* Project object */;
}
